// !$*UTF8*$!
{
	archiveVersion = 1;
	classes = {
	};
	objectVersion = 50;
	objects = {

/* Begin PBXBuildFile section */
		6F5858952541EB9800F30367 /* UltimativePortofolioAppApp.swift in Sources */ = {isa = PBXBuildFile; fileRef = 6F5858942541EB9800F30367 /* UltimativePortofolioAppApp.swift */; };
		6F5858972541EB9800F30367 /* ContentView.swift in Sources */ = {isa = PBXBuildFile; fileRef = 6F5858962541EB9800F30367 /* ContentView.swift */; };
		6F5858992541EB9900F30367 /* Assets.xcassets in Resources */ = {isa = PBXBuildFile; fileRef = 6F5858982541EB9900F30367 /* Assets.xcassets */; };
		6F58589C2541EB9900F30367 /* Preview Assets.xcassets in Resources */ = {isa = PBXBuildFile; fileRef = 6F58589B2541EB9900F30367 /* Preview Assets.xcassets */; };
		6F5858A62541F0E600F30367 /* Main.xcdatamodeld in Sources */ = {isa = PBXBuildFile; fileRef = 6F5858A42541F0E600F30367 /* Main.xcdatamodeld */; };
		6F5858A925420E1A00F30367 /* DataController.swift in Sources */ = {isa = PBXBuildFile; fileRef = 6F5858A825420E1A00F30367 /* DataController.swift */; };
		6F58592F2543238B00F30367 /* CloudKit.framework in Frameworks */ = {isa = PBXBuildFile; fileRef = 6F58592E2543238B00F30367 /* CloudKit.framework */; };
		6F5859312543241500F30367 /* HomeView.swift in Sources */ = {isa = PBXBuildFile; fileRef = 6F5859302543241500F30367 /* HomeView.swift */; };
		6F5859352543243A00F30367 /* ProjectsView.swift in Sources */ = {isa = PBXBuildFile; fileRef = 6F5859342543243A00F30367 /* ProjectsView.swift */; };
		6FAB016B254C46E5000483D8 /* ProjectHeaderView.swift in Sources */ = {isa = PBXBuildFile; fileRef = 6FAB016A254C46E5000483D8 /* ProjectHeaderView.swift */; };
		6FAB016E254C49EB000483D8 /* Colors.xcassets in Resources */ = {isa = PBXBuildFile; fileRef = 6FAB016D254C49EB000483D8 /* Colors.xcassets */; };
		6FAB0171254C4D0A000483D8 /* EditProjectView.swift in Sources */ = {isa = PBXBuildFile; fileRef = 6FAB0170254C4D0A000483D8 /* EditProjectView.swift */; };
		6FCFA9FD25489FF8000931AD /* EditItemView.swift in Sources */ = {isa = PBXBuildFile; fileRef = 6FCFA9FC25489FF8000931AD /* EditItemView.swift */; };
		6FCFAA002548A4A2000931AD /* ItemRowView.swift in Sources */ = {isa = PBXBuildFile; fileRef = 6FCFA9FF2548A4A2000931AD /* ItemRowView.swift */; };
		6FED5D952544972600B2BE04 /* Item-CoreDataHelpers.swift in Sources */ = {isa = PBXBuildFile; fileRef = 6FED5D942544972600B2BE04 /* Item-CoreDataHelpers.swift */; };
		6FED5D982544980A00B2BE04 /* Project-CoreDataHelpers.swift in Sources */ = {isa = PBXBuildFile; fileRef = 6FED5D972544980A00B2BE04 /* Project-CoreDataHelpers.swift */; };
/* End PBXBuildFile section */

/* Begin PBXFileReference section */
		6F5858912541EB9800F30367 /* UltimativePortofolioApp.app */ = {isa = PBXFileReference; explicitFileType = wrapper.application; includeInIndex = 0; path = UltimativePortofolioApp.app; sourceTree = BUILT_PRODUCTS_DIR; };
		6F5858942541EB9800F30367 /* UltimativePortofolioAppApp.swift */ = {isa = PBXFileReference; lastKnownFileType = sourcecode.swift; path = UltimativePortofolioAppApp.swift; sourceTree = "<group>"; };
		6F5858962541EB9800F30367 /* ContentView.swift */ = {isa = PBXFileReference; lastKnownFileType = sourcecode.swift; path = ContentView.swift; sourceTree = "<group>"; };
		6F5858982541EB9900F30367 /* Assets.xcassets */ = {isa = PBXFileReference; lastKnownFileType = folder.assetcatalog; path = Assets.xcassets; sourceTree = "<group>"; };
		6F58589B2541EB9900F30367 /* Preview Assets.xcassets */ = {isa = PBXFileReference; lastKnownFileType = folder.assetcatalog; path = "Preview Assets.xcassets"; sourceTree = "<group>"; };
		6F58589D2541EB9900F30367 /* Info.plist */ = {isa = PBXFileReference; lastKnownFileType = text.plist.xml; path = Info.plist; sourceTree = "<group>"; };
		6F5858A52541F0E600F30367 /* Main.xcdatamodel */ = {isa = PBXFileReference; lastKnownFileType = wrapper.xcdatamodel; path = Main.xcdatamodel; sourceTree = "<group>"; };
		6F5858A825420E1A00F30367 /* DataController.swift */ = {isa = PBXFileReference; lastKnownFileType = sourcecode.swift; path = DataController.swift; sourceTree = "<group>"; };
		6F58592B2543235D00F30367 /* UltimativePortofolioApp.entitlements */ = {isa = PBXFileReference; lastKnownFileType = text.plist.entitlements; path = UltimativePortofolioApp.entitlements; sourceTree = "<group>"; };
		6F58592E2543238B00F30367 /* CloudKit.framework */ = {isa = PBXFileReference; lastKnownFileType = wrapper.framework; name = CloudKit.framework; path = System/Library/Frameworks/CloudKit.framework; sourceTree = SDKROOT; };
		6F5859302543241500F30367 /* HomeView.swift */ = {isa = PBXFileReference; lastKnownFileType = sourcecode.swift; path = HomeView.swift; sourceTree = "<group>"; };
		6F5859342543243A00F30367 /* ProjectsView.swift */ = {isa = PBXFileReference; lastKnownFileType = sourcecode.swift; path = ProjectsView.swift; sourceTree = "<group>"; };
		6FAB016A254C46E5000483D8 /* ProjectHeaderView.swift */ = {isa = PBXFileReference; lastKnownFileType = sourcecode.swift; path = ProjectHeaderView.swift; sourceTree = "<group>"; };
		6FAB016D254C49EB000483D8 /* Colors.xcassets */ = {isa = PBXFileReference; lastKnownFileType = folder.assetcatalog; path = Colors.xcassets; sourceTree = "<group>"; };
		6FAB0170254C4D0A000483D8 /* EditProjectView.swift */ = {isa = PBXFileReference; lastKnownFileType = sourcecode.swift; path = EditProjectView.swift; sourceTree = "<group>"; };
		6FCFA9FC25489FF8000931AD /* EditItemView.swift */ = {isa = PBXFileReference; lastKnownFileType = sourcecode.swift; path = EditItemView.swift; sourceTree = "<group>"; };
		6FCFA9FF2548A4A2000931AD /* ItemRowView.swift */ = {isa = PBXFileReference; lastKnownFileType = sourcecode.swift; path = ItemRowView.swift; sourceTree = "<group>"; };
		6FED5D942544972600B2BE04 /* Item-CoreDataHelpers.swift */ = {isa = PBXFileReference; lastKnownFileType = sourcecode.swift; path = "Item-CoreDataHelpers.swift"; sourceTree = "<group>"; };
		6FED5D972544980A00B2BE04 /* Project-CoreDataHelpers.swift */ = {isa = PBXFileReference; lastKnownFileType = sourcecode.swift; path = "Project-CoreDataHelpers.swift"; sourceTree = "<group>"; };
/* End PBXFileReference section */

/* Begin PBXFrameworksBuildPhase section */
		6F58588E2541EB9800F30367 /* Frameworks */ = {
			isa = PBXFrameworksBuildPhase;
			buildActionMask = 2147483647;
			files = (
				6F58592F2543238B00F30367 /* CloudKit.framework in Frameworks */,
			);
			runOnlyForDeploymentPostprocessing = 0;
		};
/* End PBXFrameworksBuildPhase section */

/* Begin PBXGroup section */
		6F5858882541EB9700F30367 = {
			isa = PBXGroup;
			children = (
				6F5858932541EB9800F30367 /* UltimativePortofolioApp */,
				6F5858922541EB9800F30367 /* Products */,
				6F58592D2543238B00F30367 /* Frameworks */,
			);
			sourceTree = "<group>";
		};
		6F5858922541EB9800F30367 /* Products */ = {
			isa = PBXGroup;
			children = (
				6F5858912541EB9800F30367 /* UltimativePortofolioApp.app */,
			);
			name = Products;
			sourceTree = "<group>";
		};
		6F5858932541EB9800F30367 /* UltimativePortofolioApp */ = {
			isa = PBXGroup;
			children = (
				6F58592B2543235D00F30367 /* UltimativePortofolioApp.entitlements */,
				6F5858942541EB9800F30367 /* UltimativePortofolioAppApp.swift */,
				6F5858962541EB9800F30367 /* ContentView.swift */,
				6F5859342543243A00F30367 /* ProjectsView.swift */,
				6F5859302543241500F30367 /* HomeView.swift */,
				6F5858A825420E1A00F30367 /* DataController.swift */,
				6FCFA9FC25489FF8000931AD /* EditItemView.swift */,
				6FCFA9FF2548A4A2000931AD /* ItemRowView.swift */,
				6FAB016A254C46E5000483D8 /* ProjectHeaderView.swift */,
				6FAB0170254C4D0A000483D8 /* EditProjectView.swift */,
				6FED5D942544972600B2BE04 /* Item-CoreDataHelpers.swift */,
				6FED5D972544980A00B2BE04 /* Project-CoreDataHelpers.swift */,
				6F5858A42541F0E600F30367 /* Main.xcdatamodeld */,
				6FAB016D254C49EB000483D8 /* Colors.xcassets */,
				6F5858982541EB9900F30367 /* Assets.xcassets */,
				6F58589D2541EB9900F30367 /* Info.plist */,
				6F58589A2541EB9900F30367 /* Preview Content */,
			);
			path = UltimativePortofolioApp;
			sourceTree = "<group>";
		};
		6F58589A2541EB9900F30367 /* Preview Content */ = {
			isa = PBXGroup;
			children = (
				6F58589B2541EB9900F30367 /* Preview Assets.xcassets */,
			);
			path = "Preview Content";
			sourceTree = "<group>";
		};
		6F58592D2543238B00F30367 /* Frameworks */ = {
			isa = PBXGroup;
			children = (
				6F58592E2543238B00F30367 /* CloudKit.framework */,
			);
			name = Frameworks;
			sourceTree = "<group>";
		};
/* End PBXGroup section */

/* Begin PBXNativeTarget section */
		6F5858902541EB9800F30367 /* UltimativePortofolioApp */ = {
			isa = PBXNativeTarget;
			buildConfigurationList = 6F5858A02541EB9900F30367 /* Build configuration list for PBXNativeTarget "UltimativePortofolioApp" */;
			buildPhases = (
				6F58588D2541EB9800F30367 /* Sources */,
				6F58588E2541EB9800F30367 /* Frameworks */,
				6F58588F2541EB9800F30367 /* Resources */,
			);
			buildRules = (
			);
			dependencies = (
			);
			name = UltimativePortofolioApp;
			productName = UltimativePortofolioApp;
			productReference = 6F5858912541EB9800F30367 /* UltimativePortofolioApp.app */;
			productType = "com.apple.product-type.application";
		};
/* End PBXNativeTarget section */

/* Begin PBXProject section */
		6F5858892541EB9700F30367 /* Project object */ = {
			isa = PBXProject;
			attributes = {
				LastSwiftUpdateCheck = 1200;
				LastUpgradeCheck = 1200;
				TargetAttributes = {
					6F5858902541EB9800F30367 = {
						CreatedOnToolsVersion = 12.0;
					};
				};
			};
			buildConfigurationList = 6F58588C2541EB9700F30367 /* Build configuration list for PBXProject "UltimativePortofolioApp" */;
			compatibilityVersion = "Xcode 9.3";
			developmentRegion = en;
			hasScannedForEncodings = 0;
			knownRegions = (
				en,
				Base,
			);
			mainGroup = 6F5858882541EB9700F30367;
			productRefGroup = 6F5858922541EB9800F30367 /* Products */;
			projectDirPath = "";
			projectRoot = "";
			targets = (
				6F5858902541EB9800F30367 /* UltimativePortofolioApp */,
			);
		};
/* End PBXProject section */

/* Begin PBXResourcesBuildPhase section */
		6F58588F2541EB9800F30367 /* Resources */ = {
			isa = PBXResourcesBuildPhase;
			buildActionMask = 2147483647;
			files = (
				6FAB016E254C49EB000483D8 /* Colors.xcassets in Resources */,
				6F58589C2541EB9900F30367 /* Preview Assets.xcassets in Resources */,
				6F5858992541EB9900F30367 /* Assets.xcassets in Resources */,
			);
			runOnlyForDeploymentPostprocessing = 0;
		};
/* End PBXResourcesBuildPhase section */

/* Begin PBXSourcesBuildPhase section */
		6F58588D2541EB9800F30367 /* Sources */ = {
			isa = PBXSourcesBuildPhase;
			buildActionMask = 2147483647;
			files = (
				6F5859352543243A00F30367 /* ProjectsView.swift in Sources */,
				6F5858A62541F0E600F30367 /* Main.xcdatamodeld in Sources */,
				6FED5D982544980A00B2BE04 /* Project-CoreDataHelpers.swift in Sources */,
				6F5858A925420E1A00F30367 /* DataController.swift in Sources */,
				6FAB016B254C46E5000483D8 /* ProjectHeaderView.swift in Sources */,
				6FCFAA002548A4A2000931AD /* ItemRowView.swift in Sources */,
				6F5858972541EB9800F30367 /* ContentView.swift in Sources */,
				6F5859312543241500F30367 /* HomeView.swift in Sources */,
				6FAB0171254C4D0A000483D8 /* EditProjectView.swift in Sources */,
				6F5858952541EB9800F30367 /* UltimativePortofolioAppApp.swift in Sources */,
				6FED5D952544972600B2BE04 /* Item-CoreDataHelpers.swift in Sources */,
				6FCFA9FD25489FF8000931AD /* EditItemView.swift in Sources */,
			);
			runOnlyForDeploymentPostprocessing = 0;
		};
/* End PBXSourcesBuildPhase section */

/* Begin XCBuildConfiguration section */
		6F58589E2541EB9900F30367 /* Debug */ = {
			isa = XCBuildConfiguration;
			buildSettings = {
				ALWAYS_SEARCH_USER_PATHS = NO;
				CLANG_ANALYZER_NONNULL = YES;
				CLANG_ANALYZER_NUMBER_OBJECT_CONVERSION = YES_AGGRESSIVE;
				CLANG_CXX_LANGUAGE_STANDARD = "gnu++14";
				CLANG_CXX_LIBRARY = "libc++";
				CLANG_ENABLE_MODULES = YES;
				CLANG_ENABLE_OBJC_ARC = YES;
				CLANG_ENABLE_OBJC_WEAK = YES;
				CLANG_WARN_BLOCK_CAPTURE_AUTORELEASING = YES;
				CLANG_WARN_BOOL_CONVERSION = YES;
				CLANG_WARN_COMMA = YES;
				CLANG_WARN_CONSTANT_CONVERSION = YES;
				CLANG_WARN_DEPRECATED_OBJC_IMPLEMENTATIONS = YES;
				CLANG_WARN_DIRECT_OBJC_ISA_USAGE = YES_ERROR;
				CLANG_WARN_DOCUMENTATION_COMMENTS = YES;
				CLANG_WARN_EMPTY_BODY = YES;
				CLANG_WARN_ENUM_CONVERSION = YES;
				CLANG_WARN_INFINITE_RECURSION = YES;
				CLANG_WARN_INT_CONVERSION = YES;
				CLANG_WARN_NON_LITERAL_NULL_CONVERSION = YES;
				CLANG_WARN_OBJC_IMPLICIT_RETAIN_SELF = YES;
				CLANG_WARN_OBJC_LITERAL_CONVERSION = YES;
				CLANG_WARN_OBJC_ROOT_CLASS = YES_ERROR;
				CLANG_WARN_QUOTED_INCLUDE_IN_FRAMEWORK_HEADER = YES;
				CLANG_WARN_RANGE_LOOP_ANALYSIS = YES;
				CLANG_WARN_STRICT_PROTOTYPES = YES;
				CLANG_WARN_SUSPICIOUS_MOVE = YES;
				CLANG_WARN_UNGUARDED_AVAILABILITY = YES_AGGRESSIVE;
				CLANG_WARN_UNREACHABLE_CODE = YES;
				CLANG_WARN__DUPLICATE_METHOD_MATCH = YES;
				COPY_PHASE_STRIP = NO;
				DEBUG_INFORMATION_FORMAT = dwarf;
				ENABLE_STRICT_OBJC_MSGSEND = YES;
				ENABLE_TESTABILITY = YES;
				GCC_C_LANGUAGE_STANDARD = gnu11;
				GCC_DYNAMIC_NO_PIC = NO;
				GCC_NO_COMMON_BLOCKS = YES;
				GCC_OPTIMIZATION_LEVEL = 0;
				GCC_PREPROCESSOR_DEFINITIONS = (
					"DEBUG=1",
					"$(inherited)",
				);
				GCC_WARN_64_TO_32_BIT_CONVERSION = YES;
				GCC_WARN_ABOUT_RETURN_TYPE = YES_ERROR;
				GCC_WARN_UNDECLARED_SELECTOR = YES;
				GCC_WARN_UNINITIALIZED_AUTOS = YES_AGGRESSIVE;
				GCC_WARN_UNUSED_FUNCTION = YES;
				GCC_WARN_UNUSED_VARIABLE = YES;
				IPHONEOS_DEPLOYMENT_TARGET = 14.0;
				MTL_ENABLE_DEBUG_INFO = INCLUDE_SOURCE;
				MTL_FAST_MATH = YES;
				ONLY_ACTIVE_ARCH = YES;
				SDKROOT = iphoneos;
				SWIFT_ACTIVE_COMPILATION_CONDITIONS = DEBUG;
				SWIFT_OPTIMIZATION_LEVEL = "-Onone";
			};
			name = Debug;
		};
		6F58589F2541EB9900F30367 /* Release */ = {
			isa = XCBuildConfiguration;
			buildSettings = {
				ALWAYS_SEARCH_USER_PATHS = NO;
				CLANG_ANALYZER_NONNULL = YES;
				CLANG_ANALYZER_NUMBER_OBJECT_CONVERSION = YES_AGGRESSIVE;
				CLANG_CXX_LANGUAGE_STANDARD = "gnu++14";
				CLANG_CXX_LIBRARY = "libc++";
				CLANG_ENABLE_MODULES = YES;
				CLANG_ENABLE_OBJC_ARC = YES;
				CLANG_ENABLE_OBJC_WEAK = YES;
				CLANG_WARN_BLOCK_CAPTURE_AUTORELEASING = YES;
				CLANG_WARN_BOOL_CONVERSION = YES;
				CLANG_WARN_COMMA = YES;
				CLANG_WARN_CONSTANT_CONVERSION = YES;
				CLANG_WARN_DEPRECATED_OBJC_IMPLEMENTATIONS = YES;
				CLANG_WARN_DIRECT_OBJC_ISA_USAGE = YES_ERROR;
				CLANG_WARN_DOCUMENTATION_COMMENTS = YES;
				CLANG_WARN_EMPTY_BODY = YES;
				CLANG_WARN_ENUM_CONVERSION = YES;
				CLANG_WARN_INFINITE_RECURSION = YES;
				CLANG_WARN_INT_CONVERSION = YES;
				CLANG_WARN_NON_LITERAL_NULL_CONVERSION = YES;
				CLANG_WARN_OBJC_IMPLICIT_RETAIN_SELF = YES;
				CLANG_WARN_OBJC_LITERAL_CONVERSION = YES;
				CLANG_WARN_OBJC_ROOT_CLASS = YES_ERROR;
				CLANG_WARN_QUOTED_INCLUDE_IN_FRAMEWORK_HEADER = YES;
				CLANG_WARN_RANGE_LOOP_ANALYSIS = YES;
				CLANG_WARN_STRICT_PROTOTYPES = YES;
				CLANG_WARN_SUSPICIOUS_MOVE = YES;
				CLANG_WARN_UNGUARDED_AVAILABILITY = YES_AGGRESSIVE;
				CLANG_WARN_UNREACHABLE_CODE = YES;
				CLANG_WARN__DUPLICATE_METHOD_MATCH = YES;
				COPY_PHASE_STRIP = NO;
				DEBUG_INFORMATION_FORMAT = "dwarf-with-dsym";
				ENABLE_NS_ASSERTIONS = NO;
				ENABLE_STRICT_OBJC_MSGSEND = YES;
				GCC_C_LANGUAGE_STANDARD = gnu11;
				GCC_NO_COMMON_BLOCKS = YES;
				GCC_WARN_64_TO_32_BIT_CONVERSION = YES;
				GCC_WARN_ABOUT_RETURN_TYPE = YES_ERROR;
				GCC_WARN_UNDECLARED_SELECTOR = YES;
				GCC_WARN_UNINITIALIZED_AUTOS = YES_AGGRESSIVE;
				GCC_WARN_UNUSED_FUNCTION = YES;
				GCC_WARN_UNUSED_VARIABLE = YES;
				IPHONEOS_DEPLOYMENT_TARGET = 14.0;
				MTL_ENABLE_DEBUG_INFO = NO;
				MTL_FAST_MATH = YES;
				SDKROOT = iphoneos;
				SWIFT_COMPILATION_MODE = wholemodule;
				SWIFT_OPTIMIZATION_LEVEL = "-O";
				VALIDATE_PRODUCT = YES;
			};
			name = Release;
		};
		6F5858A12541EB9900F30367 /* Debug */ = {
			isa = XCBuildConfiguration;
			buildSettings = {
				ASSETCATALOG_COMPILER_APPICON_NAME = AppIcon;
				ASSETCATALOG_COMPILER_GLOBAL_ACCENT_COLOR_NAME = AccentColor;
				CODE_SIGN_ENTITLEMENTS = UltimativePortofolioApp/UltimativePortofolioApp.entitlements;
				CODE_SIGN_STYLE = Automatic;
				DEVELOPMENT_ASSET_PATHS = "\"UltimativePortofolioApp/Preview Content\"";
				DEVELOPMENT_TEAM = SGAHDZJZ9E;
				ENABLE_PREVIEWS = YES;
				INFOPLIST_FILE = UltimativePortofolioApp/Info.plist;
				IPHONEOS_DEPLOYMENT_TARGET = 14.0;
				LD_RUNPATH_SEARCH_PATHS = (
					"$(inherited)",
					"@executable_path/Frameworks",
				);
				PRODUCT_BUNDLE_IDENTIFIER = roemer.design.UltimativePortofolioApp;
				PRODUCT_NAME = "$(TARGET_NAME)";
				SWIFT_VERSION = 5.0;
				TARGETED_DEVICE_FAMILY = "1,2";
			};
			name = Debug;
		};
		6F5858A22541EB9900F30367 /* Release */ = {
			isa = XCBuildConfiguration;
			buildSettings = {
				ASSETCATALOG_COMPILER_APPICON_NAME = AppIcon;
				ASSETCATALOG_COMPILER_GLOBAL_ACCENT_COLOR_NAME = AccentColor;
				CODE_SIGN_ENTITLEMENTS = UltimativePortofolioApp/UltimativePortofolioApp.entitlements;
				CODE_SIGN_STYLE = Automatic;
				DEVELOPMENT_ASSET_PATHS = "\"UltimativePortofolioApp/Preview Content\"";
				DEVELOPMENT_TEAM = SGAHDZJZ9E;
				ENABLE_PREVIEWS = YES;
				INFOPLIST_FILE = UltimativePortofolioApp/Info.plist;
				IPHONEOS_DEPLOYMENT_TARGET = 14.0;
				LD_RUNPATH_SEARCH_PATHS = (
					"$(inherited)",
					"@executable_path/Frameworks",
				);
				PRODUCT_BUNDLE_IDENTIFIER = roemer.design.UltimativePortofolioApp;
				PRODUCT_NAME = "$(TARGET_NAME)";
				SWIFT_VERSION = 5.0;
				TARGETED_DEVICE_FAMILY = "1,2";
			};
			name = Release;
		};
/* End XCBuildConfiguration section */

/* Begin XCConfigurationList section */
		6F58588C2541EB9700F30367 /* Build configuration list for PBXProject "UltimativePortofolioApp" */ = {
			isa = XCConfigurationList;
			buildConfigurations = (
				6F58589E2541EB9900F30367 /* Debug */,
				6F58589F2541EB9900F30367 /* Release */,
			);
			defaultConfigurationIsVisible = 0;
			defaultConfigurationName = Release;
		};
		6F5858A02541EB9900F30367 /* Build configuration list for PBXNativeTarget "UltimativePortofolioApp" */ = {
			isa = XCConfigurationList;
			buildConfigurations = (
				6F5858A12541EB9900F30367 /* Debug */,
				6F5858A22541EB9900F30367 /* Release */,
			);
			defaultConfigurationIsVisible = 0;
			defaultConfigurationName = Release;
		};
/* End XCConfigurationList section */

/* Begin XCVersionGroup section */
		6F5858A42541F0E600F30367 /* Main.xcdatamodeld */ = {
			isa = XCVersionGroup;
			children = (
				6F5858A52541F0E600F30367 /* Main.xcdatamodel */,
			);
			currentVersion = 6F5858A52541F0E600F30367 /* Main.xcdatamodel */;
			path = Main.xcdatamodeld;
			sourceTree = "<group>";
			versionGroupType = wrapper.xcdatamodel;
		};
/* End XCVersionGroup section */
	};
	rootObject = 6F5858892541EB9700F30367 /* Project object */;
}
